<?xml version="1.0" encoding="utf-8"?>
<Project ToolsVersion="4.0" xmlns="http://schemas.microsoft.com/developer/msbuild/2003">
  <ItemGroup>
    <Filter Include="Source Files">
      <UniqueIdentifier>{4FC737F1-C7A5-4376-A066-2A32D752A2FF}</UniqueIdentifier>
      <Extensions>cpp;c;cc;cxx;c++;cppm;ixx;def;odl;idl;hpj;bat;asm;asmx</Extensions>
    </Filter>
    <Filter Include="Header Files">
      <UniqueIdentifier>{93995380-89BD-4b04-88EB-625FBE52EBFB}</UniqueIdentifier>
      <Extensions>h;hh;hpp;hxx;h++;hm;inl;inc;ipp;xsd</Extensions>
    </Filter>
    <Filter Include="Resource Files">
      <UniqueIdentifier>{67DA6AB6-F800-4c08-8B7A-83BB121AAD01}</UniqueIdentifier>
      <Extensions>rc;ico;cur;bmp;dlg;rc2;rct;bin;rgs;gif;jpg;jpeg;jpe;resx;tiff;tif;png;wav;mfcribbon-ms</Extensions>
    </Filter>
    <Filter Include="Source Files\Tools">
      <UniqueIdentifier>{5c710c7b-137c-4444-ad81-3c3fcac0d5b5}</UniqueIdentifier>
    </Filter>
    <Filter Include="Source Files\FileInformation">
      <UniqueIdentifier>{dcc7c1e4-9c69-4b02-ae0c-ff0ad28c3eb7}</UniqueIdentifier>
    </Filter>
    <Filter Include="Source Files\Math">
      <UniqueIdentifier>{2e703227-23b4-4278-8e18-b1d074738cf5}</UniqueIdentifier>
    </Filter>
    <Filter Include="3rd-party">
      <UniqueIdentifier>{42bc5015-e9c2-4939-beb5-2c3cbc1d4daa}</UniqueIdentifier>
    </Filter>
    <Filter Include="3rd-party\polarssl">
      <UniqueIdentifier>{77a28717-6917-45b8-adfe-34821eac6c41}</UniqueIdentifier>
    </Filter>
    <Filter Include="3rd-party\ssdeep">
      <UniqueIdentifier>{e4e5fe9b-1d66-436b-8db4-60a9eef6c119}</UniqueIdentifier>
    </Filter>
    <Filter Include="3rd-party\tlsh">
      <UniqueIdentifier>{3344bbb4-093b-4585-ad1d-fb1010338199}</UniqueIdentifier>
    </Filter>
    <Filter Include="3rd-party\ssdeep\src">
      <UniqueIdentifier>{70484f67-f8ce-4ea6-a372-44ded4177dfe}</UniqueIdentifier>
    </Filter>
    <Filter Include="3rd-party\tlsh\src">
      <UniqueIdentifier>{36259c4e-f35e-4ef8-a9b5-69c1dd11d33b}</UniqueIdentifier>
    </Filter>
    <Filter Include="Source Files\PE PARSERS">
      <UniqueIdentifier>{667ff90f-783e-4d4b-aca1-c8f9901ecd7c}</UniqueIdentifier>
    </Filter>
    <Filter Include="Source Files\PE PARSERS\Resources">
      <UniqueIdentifier>{f59ed267-400e-4cf3-9616-28459342ff16}</UniqueIdentifier>
    </Filter>
    <Filter Include="Source Files\PE PARSERS\Import">
      <UniqueIdentifier>{a02f7337-f7f8-4454-a4b4-dcfb4bba9768}</UniqueIdentifier>
    </Filter>
    <Filter Include="Source Files\PE PARSERS\NtPE">
      <UniqueIdentifier>{1f21d046-d899-404f-8d88-d15663366f76}</UniqueIdentifier>
    </Filter>
  </ItemGroup>
  <ItemGroup>
    <ClCompile Include="main.cpp">
      <Filter>Source Files</Filter>
    </ClCompile>
    <ClCompile Include="stdafx.cpp">
      <Filter>Source Files</Filter>
    </ClCompile>
    <ClCompile Include="Import.cpp">
      <Filter>Source Files\PE PARSERS\Import</Filter>
    </ClCompile>
    <ClCompile Include="Tools.cpp">
      <Filter>Source Files\Tools</Filter>
    </ClCompile>
    <ClCompile Include="NTPEParser.cpp">
      <Filter>Source Files\PE PARSERS\NtPE</Filter>
    </ClCompile>
    <ClCompile Include="FileInformation.cpp">
      <Filter>Source Files\FileInformation</Filter>
    </ClCompile>
    <ClCompile Include="Math.cpp">
      <Filter>Source Files\Math</Filter>
    </ClCompile>
    <ClCompile Include="3rd-party\polarssl\md5.cpp">
      <Filter>3rd-party\polarssl</Filter>
    </ClCompile>
    <ClCompile Include="3rd-party\polarssl\sha1.cpp">
      <Filter>3rd-party\polarssl</Filter>
    </ClCompile>
    <ClCompile Include="3rd-party\polarssl\sha4.cpp">
      <Filter>3rd-party\polarssl</Filter>
    </ClCompile>
    <ClCompile Include="3rd-party\tlsh\tlsh_wrap.cpp">
      <Filter>3rd-party\tlsh</Filter>
    </ClCompile>
    <ClCompile Include="3rd-party\ssdeep\ssdeep_wrap.cpp">
      <Filter>3rd-party\ssdeep</Filter>
    </ClCompile>
    <ClCompile Include="3rd-party\ssdeep\fuzzy.cpp">
      <Filter>3rd-party\ssdeep\src</Filter>
    </ClCompile>
    <ClCompile Include="3rd-party\ssdeep\edit_dist.cpp">
      <Filter>3rd-party\ssdeep\src</Filter>
    </ClCompile>
    <ClCompile Include="3rd-party\tlsh\tlsh.cpp">
      <Filter>3rd-party\tlsh\src</Filter>
    </ClCompile>
    <ClCompile Include="3rd-party\tlsh\tlsh_impl.cpp">
      <Filter>3rd-party\tlsh\src</Filter>
    </ClCompile>
    <ClCompile Include="3rd-party\tlsh\tlsh_util.cpp">
      <Filter>3rd-party\tlsh\src</Filter>
    </ClCompile>
    <ClCompile Include="console.cpp">
      <Filter>Source Files\Tools</Filter>
    </ClCompile>
    <ClCompile Include="Resources.cpp">
      <Filter>Source Files\PE PARSERS\Resources</Filter>
    </ClCompile>
  </ItemGroup>
  <ItemGroup>
    <ClInclude Include="stdafx.h">
      <Filter>Header Files</Filter>
    </ClInclude>
    <ClInclude Include="Import.h">
      <Filter>Source Files\PE PARSERS\Import</Filter>
    </ClInclude>
    <ClInclude Include="Tools.h">
      <Filter>Source Files\Tools</Filter>
    </ClInclude>
    <ClInclude Include="NTPEParser.h">
      <Filter>Source Files\PE PARSERS\NtPE</Filter>
    </ClInclude>
    <ClInclude Include="FileInformation.h">
      <Filter>Source Files\FileInformation</Filter>
    </ClInclude>
    <ClInclude Include="Math.h">
      <Filter>Source Files\Math</Filter>
    </ClInclude>
    <ClInclude Include="3rd-party\polarssl\md5.h">
      <Filter>3rd-party\polarssl</Filter>
    </ClInclude>
    <ClInclude Include="3rd-party\polarssl\sha1.h">
      <Filter>3rd-party\polarssl</Filter>
    </ClInclude>
    <ClInclude Include="3rd-party\polarssl\sha4.h">
      <Filter>3rd-party\polarssl</Filter>
    </ClInclude>
    <ClInclude Include="3rd-party\tlsh\tlsh_wrap.h">
      <Filter>3rd-party\tlsh</Filter>
    </ClInclude>
    <ClInclude Include="3rd-party\ssdeep\ssdeep_wrap.h">
      <Filter>3rd-party\ssdeep</Filter>
    </ClInclude>
    <ClInclude Include="3rd-party\ssdeep\sum_table.h">
      <Filter>3rd-party\ssdeep\src</Filter>
    </ClInclude>
    <ClInclude Include="3rd-party\ssdeep\fuzzy.h">
      <Filter>3rd-party\ssdeep\src</Filter>
    </ClInclude>
    <ClInclude Include="3rd-party\ssdeep\edit_dist.h">
      <Filter>3rd-party\ssdeep\src</Filter>
    </ClInclude>
    <ClInclude Include="3rd-party\tlsh\tlsh_win_version.h">
      <Filter>3rd-party\tlsh\src</Filter>
    </ClInclude>
    <ClInclude Include="3rd-party\tlsh\tlsh.h">
      <Filter>3rd-party\tlsh\src</Filter>
    </ClInclude>
    <ClInclude Include="3rd-party\tlsh\tlsh_impl.h">
      <Filter>3rd-party\tlsh\src</Filter>
    </ClInclude>
    <ClInclude Include="3rd-party\tlsh\tlsh_util.h">
      <Filter>3rd-party\tlsh\src</Filter>
    </ClInclude>
    <ClInclude Include="console.h">
      <Filter>Source Files\Tools</Filter>
    </ClInclude>
    <ClInclude Include="Resources.h">
      <Filter>Source Files\PE PARSERS\Resources</Filter>
    </ClInclude>
    <ClInclude Include="resource.h">
      <Filter>Header Files</Filter>
    </ClInclude>
  </ItemGroup>
  <ItemGroup>
    <ResourceCompile Include="DSAVELibrary.rc">
      <Filter>Resource Files</Filter>
    </ResourceCompile>
  </ItemGroup>
</Project>